
Microsoft Visual Studio Solution File, Format Version 12.00
# Visual Studio Version 16
VisualStudioVersion = 16.0.32228.343
MinimumVisualStudioVersion = 10.0.40219.1
Project("{FAE04EC0-301F-11D3-BF4B-00C04F79EFBC}") = "DayCounter.Android", "DayCounter\DayCounter.Android\DayCounter.Android.csproj", "{0D783480-0B39-4473-AA1E-16191F55205E}"
EndProject
Project("{FAE04EC0-301F-11D3-BF4B-00C04F79EFBC}") = "DayCounter", "DayCounter\DayCounter\DayCounter.csproj", "{7A2DB46A-C1B0-4508-994A-7FE20B8F7518}"
EndProject
Global
	GlobalSection(SolutionConfigurationPlatforms) = preSolution
		Debug|Any CPU = Debug|Any CPU
		Release|Any CPU = Release|Any CPU
	EndGlobalSection
	GlobalSection(ProjectConfigurationPlatforms) = postSolution
		{0D783480-0B39-4473-AA1E-16191F55205E}.Debug|Any CPU.ActiveCfg = Debug|Any CPU
		{0D783480-0B39-4473-AA1E-16191F55205E}.Debug|Any CPU.Build.0 = Debug|Any CPU
		{0D783480-0B39-4473-AA1E-16191F55205E}.Debug|Any CPU.Deploy.0 = Debug|Any CPU
		{0D783480-0B39-4473-AA1E-16191F55205E}.Release|Any CPU.ActiveCfg = Release|Any CPU
		{0D783480-0B39-4473-AA1E-16191F55205E}.Release|Any CPU.Build.0 = Release|Any CPU
		{0D783480-0B39-4473-AA1E-16191F55205E}.Release|Any CPU.Deploy.0 = Release|Any CPU
		{7A2DB46A-C1B0-4508-994A-7FE20B8F7518}.Debug|Any CPU.ActiveCfg = Debug|Any CPU
		{7A2DB46A-C1B0-4508-994A-7FE20B8F7518}.Debug|Any CPU.Build.0 = Debug|Any CPU
		{7A2DB46A-C1B0-4508-994A-7FE20B8F7518}.Debug|Any CPU.Deploy.0 = Debug|Any CPU
		{7A2DB46A-C1B0-4508-994A-7FE20B8F7518}.Release|Any CPU.ActiveCfg = Release|Any CPU
		{7A2DB46A-C1B0-4508-994A-7FE20B8F7518}.Release|Any CPU.Build.0 = Release|Any CPU
		{7A2DB46A-C1B0-4508-994A-7FE20B8F7518}.Release|Any CPU.Deploy.0 = Release|Any CPU
	EndGlobalSection
	GlobalSection(SolutionProperties) = preSolution
		HideSolutionNode = FALSE
	EndGlobalSection
	GlobalSection(ExtensibilityGlobals) = postSolution
		SolutionGuid = {710F8CE6-9E07-4A02-980B-641030FF6531}
	EndGlobalSection
EndGlobal
